// !$*UTF8*$!
{
	archiveVersion = 1;
	classes = {
	};
	objectVersion = 50;
	objects = {

/* Begin PBXBuildFile section */
		28DC581B222FCF5600851D59 /* GoalListViewController.swift in Sources */ = {isa = PBXBuildFile; fileRef = 28DC581A222FCF5600851D59 /* GoalListViewController.swift */; };
		28DC5821222FDD8500851D59 /* Extensions.swift in Sources */ = {isa = PBXBuildFile; fileRef = 28DC5820222FDD8500851D59 /* Extensions.swift */; };
		28DC5824222FE08C00851D59 /* GoalListCell.swift in Sources */ = {isa = PBXBuildFile; fileRef = 28DC5823222FE08C00851D59 /* GoalListCell.swift */; };
		28DC5827223F16FF00851D59 /* Db.swift in Sources */ = {isa = PBXBuildFile; fileRef = 28DC5826223F16FF00851D59 /* Db.swift */; };
		28E50EE0222EC9D700312A78 /* AppDelegate.swift in Sources */ = {isa = PBXBuildFile; fileRef = 28E50EDF222EC9D700312A78 /* AppDelegate.swift */; };
		28E50EE2222EC9D700312A78 /* ViewController.swift in Sources */ = {isa = PBXBuildFile; fileRef = 28E50EE1222EC9D700312A78 /* ViewController.swift */; };
		28E50EE5222EC9D700312A78 /* Main.storyboard in Resources */ = {isa = PBXBuildFile; fileRef = 28E50EE3222EC9D700312A78 /* Main.storyboard */; };
		28E50EE8222EC9D700312A78 /* plan_it.xcdatamodeld in Sources */ = {isa = PBXBuildFile; fileRef = 28E50EE6222EC9D700312A78 /* plan_it.xcdatamodeld */; };
		28E50EEA222EC9D800312A78 /* Assets.xcassets in Resources */ = {isa = PBXBuildFile; fileRef = 28E50EE9222EC9D800312A78 /* Assets.xcassets */; };
		28E50EED222EC9D800312A78 /* LaunchScreen.storyboard in Resources */ = {isa = PBXBuildFile; fileRef = 28E50EEB222EC9D800312A78 /* LaunchScreen.storyboard */; };
		32AE4A9BD4FF2157583B4A35 /* Pods_plan_it.framework in Frameworks */ = {isa = PBXBuildFile; fileRef = 803C629C23F3F31FEC8AE88F /* Pods_plan_it.framework */; };
/* End PBXBuildFile section */

/* Begin PBXFileReference section */
		28DC581A222FCF5600851D59 /* GoalListViewController.swift */ = {isa = PBXFileReference; lastKnownFileType = sourcecode.swift; path = GoalListViewController.swift; sourceTree = "<group>"; };
		28DC5820222FDD8500851D59 /* Extensions.swift */ = {isa = PBXFileReference; lastKnownFileType = sourcecode.swift; path = Extensions.swift; sourceTree = "<group>"; };
		28DC5823222FE08C00851D59 /* GoalListCell.swift */ = {isa = PBXFileReference; lastKnownFileType = sourcecode.swift; path = GoalListCell.swift; sourceTree = "<group>"; };
		28DC5826223F16FF00851D59 /* Db.swift */ = {isa = PBXFileReference; lastKnownFileType = sourcecode.swift; path = Db.swift; sourceTree = "<group>"; };
		28E50EDC222EC9D700312A78 /* plan-it.app */ = {isa = PBXFileReference; explicitFileType = wrapper.application; includeInIndex = 0; path = "plan-it.app"; sourceTree = BUILT_PRODUCTS_DIR; };
		28E50EDF222EC9D700312A78 /* AppDelegate.swift */ = {isa = PBXFileReference; lastKnownFileType = sourcecode.swift; path = AppDelegate.swift; sourceTree = "<group>"; };
		28E50EE1222EC9D700312A78 /* ViewController.swift */ = {isa = PBXFileReference; lastKnownFileType = sourcecode.swift; path = ViewController.swift; sourceTree = "<group>"; };
		28E50EE4222EC9D700312A78 /* Base */ = {isa = PBXFileReference; lastKnownFileType = file.storyboard; name = Base; path = Base.lproj/Main.storyboard; sourceTree = "<group>"; };
		28E50EE7222EC9D700312A78 /* plan_it.xcdatamodel */ = {isa = PBXFileReference; lastKnownFileType = wrapper.xcdatamodel; path = plan_it.xcdatamodel; sourceTree = "<group>"; };
		28E50EE9222EC9D800312A78 /* Assets.xcassets */ = {isa = PBXFileReference; lastKnownFileType = folder.assetcatalog; path = Assets.xcassets; sourceTree = "<group>"; };
		28E50EEC222EC9D800312A78 /* Base */ = {isa = PBXFileReference; lastKnownFileType = file.storyboard; name = Base; path = Base.lproj/LaunchScreen.storyboard; sourceTree = "<group>"; };
		28E50EEE222EC9D800312A78 /* Info.plist */ = {isa = PBXFileReference; lastKnownFileType = text.plist.xml; path = Info.plist; sourceTree = "<group>"; };
		30CE0A67EE42FE6788A43E8D /* Pods-plan-it.release.xcconfig */ = {isa = PBXFileReference; includeInIndex = 1; lastKnownFileType = text.xcconfig; name = "Pods-plan-it.release.xcconfig"; path = "Target Support Files/Pods-plan-it/Pods-plan-it.release.xcconfig"; sourceTree = "<group>"; };
		803C629C23F3F31FEC8AE88F /* Pods_plan_it.framework */ = {isa = PBXFileReference; explicitFileType = wrapper.framework; includeInIndex = 0; path = Pods_plan_it.framework; sourceTree = BUILT_PRODUCTS_DIR; };
		D67A281D8E596716CEC3AC72 /* Pods-plan-it.debug.xcconfig */ = {isa = PBXFileReference; includeInIndex = 1; lastKnownFileType = text.xcconfig; name = "Pods-plan-it.debug.xcconfig"; path = "Target Support Files/Pods-plan-it/Pods-plan-it.debug.xcconfig"; sourceTree = "<group>"; };
/* End PBXFileReference section */

/* Begin PBXFrameworksBuildPhase section */
		28E50ED9222EC9D700312A78 /* Frameworks */ = {
			isa = PBXFrameworksBuildPhase;
			buildActionMask = 2147483647;
			files = (
				32AE4A9BD4FF2157583B4A35 /* Pods_plan_it.framework in Frameworks */,
			);
			runOnlyForDeploymentPostprocessing = 0;
		};
/* End PBXFrameworksBuildPhase section */

/* Begin PBXGroup section */
		15F7014EC95F383D4F2476CD /* Frameworks */ = {
			isa = PBXGroup;
			children = (
				803C629C23F3F31FEC8AE88F /* Pods_plan_it.framework */,
			);
			name = Frameworks;
			sourceTree = "<group>";
		};
		1AC0CF3D1A8D3D96588984E5 /* Pods */ = {
			isa = PBXGroup;
			children = (
				D67A281D8E596716CEC3AC72 /* Pods-plan-it.debug.xcconfig */,
				30CE0A67EE42FE6788A43E8D /* Pods-plan-it.release.xcconfig */,
			);
			path = Pods;
			sourceTree = "<group>";
		};
		28DC5817222FCE8500851D59 /* Controllers */ = {
			isa = PBXGroup;
			children = (
				28E50EE1222EC9D700312A78 /* ViewController.swift */,
				28DC5818222FCE9E00851D59 /* List */,
			);
			path = Controllers;
			sourceTree = "<group>";
		};
		28DC5818222FCE9E00851D59 /* List */ = {
			isa = PBXGroup;
			children = (
				28DC581A222FCF5600851D59 /* GoalListViewController.swift */,
			);
			path = List;
			sourceTree = "<group>";
		};
		28DC5819222FCED500851D59 /* Storyboards */ = {
			isa = PBXGroup;
			children = (
				28E50EE3222EC9D700312A78 /* Main.storyboard */,
				28E50EEB222EC9D800312A78 /* LaunchScreen.storyboard */,
			);
			path = Storyboards;
			sourceTree = "<group>";
		};
		28DC581C222FD92F00851D59 /* Model */ = {
			isa = PBXGroup;
			children = (
			);
			path = Model;
			sourceTree = "<group>";
		};
		28DC581F222FDD7800851D59 /* Extensions */ = {
			isa = PBXGroup;
			children = (
				28DC5820222FDD8500851D59 /* Extensions.swift */,
			);
			path = Extensions;
			sourceTree = "<group>";
		};
		28DC5822222FE07700851D59 /* Cells */ = {
			isa = PBXGroup;
			children = (
				28DC5823222FE08C00851D59 /* GoalListCell.swift */,
			);
			path = Cells;
			sourceTree = "<group>";
		};
		28DC5825223F16EA00851D59 /* DB */ = {
			isa = PBXGroup;
			children = (
				28DC5826223F16FF00851D59 /* Db.swift */,
			);
			path = DB;
			sourceTree = "<group>";
		};
		28E50ED3222EC9D700312A78 = {
			isa = PBXGroup;
			children = (
				28E50EDE222EC9D700312A78 /* plan-it */,
				28E50EDD222EC9D700312A78 /* Products */,
				1AC0CF3D1A8D3D96588984E5 /* Pods */,
				15F7014EC95F383D4F2476CD /* Frameworks */,
			);
			sourceTree = "<group>";
		};
		28E50EDD222EC9D700312A78 /* Products */ = {
			isa = PBXGroup;
			children = (
				28E50EDC222EC9D700312A78 /* plan-it.app */,
			);
			name = Products;
			sourceTree = "<group>";
		};
		28E50EDE222EC9D700312A78 /* plan-it */ = {
			isa = PBXGroup;
			children = (
				28DC5825223F16EA00851D59 /* DB */,
				28DC5822222FE07700851D59 /* Cells */,
				28DC581F222FDD7800851D59 /* Extensions */,
				28DC581C222FD92F00851D59 /* Model */,
				28DC5819222FCED500851D59 /* Storyboards */,
				28DC5817222FCE8500851D59 /* Controllers */,
				28E50EDF222EC9D700312A78 /* AppDelegate.swift */,
				28E50EE9222EC9D800312A78 /* Assets.xcassets */,
				28E50EEE222EC9D800312A78 /* Info.plist */,
				28E50EE6222EC9D700312A78 /* plan_it.xcdatamodeld */,
			);
			path = "plan-it";
			sourceTree = "<group>";
		};
/* End PBXGroup section */

/* Begin PBXNativeTarget section */
		28E50EDB222EC9D700312A78 /* plan-it */ = {
			isa = PBXNativeTarget;
			buildConfigurationList = 28E50EF1222EC9D800312A78 /* Build configuration list for PBXNativeTarget "plan-it" */;
			buildPhases = (
				5FBCC0168567CAF505A4C1D5 /* [CP] Check Pods Manifest.lock */,
				28E50ED8222EC9D700312A78 /* Sources */,
				28E50ED9222EC9D700312A78 /* Frameworks */,
				28E50EDA222EC9D700312A78 /* Resources */,
			);
			buildRules = (
			);
			dependencies = (
			);
			name = "plan-it";
			productName = "plan-it";
			productReference = 28E50EDC222EC9D700312A78 /* plan-it.app */;
			productType = "com.apple.product-type.application";
		};
/* End PBXNativeTarget section */

/* Begin PBXProject section */
		28E50ED4222EC9D700312A78 /* Project object */ = {
			isa = PBXProject;
			attributes = {
				LastSwiftUpdateCheck = 1010;
				LastUpgradeCheck = 1010;
				ORGANIZATIONNAME = "Kirill Philipov";
				TargetAttributes = {
					28E50EDB222EC9D700312A78 = {
						CreatedOnToolsVersion = 10.1;
					};
				};
			};
			buildConfigurationList = 28E50ED7222EC9D700312A78 /* Build configuration list for PBXProject "plan-it" */;
			compatibilityVersion = "Xcode 9.3";
			developmentRegion = en;
			hasScannedForEncodings = 0;
			knownRegions = (
				en,
				Base,
			);
			mainGroup = 28E50ED3222EC9D700312A78;
			productRefGroup = 28E50EDD222EC9D700312A78 /* Products */;
			projectDirPath = "";
			projectRoot = "";
			targets = (
				28E50EDB222EC9D700312A78 /* plan-it */,
			);
		};
/* End PBXProject section */

/* Begin PBXResourcesBuildPhase section */
		28E50EDA222EC9D700312A78 /* Resources */ = {
			isa = PBXResourcesBuildPhase;
			buildActionMask = 2147483647;
			files = (
				28E50EED222EC9D800312A78 /* LaunchScreen.storyboard in Resources */,
				28E50EEA222EC9D800312A78 /* Assets.xcassets in Resources */,
				28E50EE5222EC9D700312A78 /* Main.storyboard in Resources */,
			);
			runOnlyForDeploymentPostprocessing = 0;
		};
/* End PBXResourcesBuildPhase section */

/* Begin PBXShellScriptBuildPhase section */
		5FBCC0168567CAF505A4C1D5 /* [CP] Check Pods Manifest.lock */ = {
			isa = PBXShellScriptBuildPhase;
			buildActionMask = 2147483647;
			files = (
			);
			inputFileListPaths = (
			);
			inputPaths = (
				"${PODS_PODFILE_DIR_PATH}/Podfile.lock",
				"${PODS_ROOT}/Manifest.lock",
			);
			name = "[CP] Check Pods Manifest.lock";
			outputFileListPaths = (
			);
			outputPaths = (
				"$(DERIVED_FILE_DIR)/Pods-plan-it-checkManifestLockResult.txt",
			);
			runOnlyForDeploymentPostprocessing = 0;
			shellPath = /bin/sh;
			shellScript = "diff \"${PODS_PODFILE_DIR_PATH}/Podfile.lock\" \"${PODS_ROOT}/Manifest.lock\" > /dev/null\nif [ $? != 0 ] ; then\n    # print error to STDERR\n    echo \"error: The sandbox is not in sync with the Podfile.lock. Run 'pod install' or update your CocoaPods installation.\" >&2\n    exit 1\nfi\n# This output is used by Xcode 'outputs' to avoid re-running this script phase.\necho \"SUCCESS\" > \"${SCRIPT_OUTPUT_FILE_0}\"\n";
			showEnvVarsInLog = 0;
		};
/* End PBXShellScriptBuildPhase section */

/* Begin PBXSourcesBuildPhase section */
		28E50ED8222EC9D700312A78 /* Sources */ = {
			isa = PBXSourcesBuildPhase;
			buildActionMask = 2147483647;
			files = (
				28DC5827223F16FF00851D59 /* Db.swift in Sources */,
				28E50EE8222EC9D700312A78 /* plan_it.xcdatamodeld in Sources */,
				28DC5824222FE08C00851D59 /* GoalListCell.swift in Sources */,
				28E50EE2222EC9D700312A78 /* ViewController.swift in Sources */,
				28DC581B222FCF5600851D59 /* GoalListViewController.swift in Sources */,
				28E50EE0222EC9D700312A78 /* AppDelegate.swift in Sources */,
				28DC5821222FDD8500851D59 /* Extensions.swift in Sources */,
			);
			runOnlyForDeploymentPostprocessing = 0;
		};
/* End PBXSourcesBuildPhase section */

/* Begin PBXVariantGroup section */
		28E50EE3222EC9D700312A78 /* Main.storyboard */ = {
			isa = PBXVariantGroup;
			children = (
				28E50EE4222EC9D700312A78 /* Base */,
			);
			name = Main.storyboard;
			sourceTree = "<group>";
		};
		28E50EEB222EC9D800312A78 /* LaunchScreen.storyboard */ = {
			isa = PBXVariantGroup;
			children = (
				28E50EEC222EC9D800312A78 /* Base */,
			);
			name = LaunchScreen.storyboard;
			sourceTree = "<group>";
		};
/* End PBXVariantGroup section */

/* Begin XCBuildConfiguration section */
		28E50EEF222EC9D800312A78 /* Debug */ = {
			isa = XCBuildConfiguration;
			buildSettings = {
				ALWAYS_SEARCH_USER_PATHS = NO;
				CLANG_ANALYZER_NONNULL = YES;
				CLANG_ANALYZER_NUMBER_OBJECT_CONVERSION = YES_AGGRESSIVE;
				CLANG_CXX_LANGUAGE_STANDARD = "gnu++14";
				CLANG_CXX_LIBRARY = "libc++";
				CLANG_ENABLE_MODULES = YES;
				CLANG_ENABLE_OBJC_ARC = YES;
				CLANG_ENABLE_OBJC_WEAK = YES;
				CLANG_WARN_BLOCK_CAPTURE_AUTORELEASING = YES;
				CLANG_WARN_BOOL_CONVERSION = YES;
				CLANG_WARN_COMMA = YES;
				CLANG_WARN_CONSTANT_CONVERSION = YES;
				CLANG_WARN_DEPRECATED_OBJC_IMPLEMENTATIONS = YES;
				CLANG_WARN_DIRECT_OBJC_ISA_USAGE = YES_ERROR;
				CLANG_WARN_DOCUMENTATION_COMMENTS = YES;
				CLANG_WARN_EMPTY_BODY = YES;
				CLANG_WARN_ENUM_CONVERSION = YES;
				CLANG_WARN_INFINITE_RECURSION = YES;
				CLANG_WARN_INT_CONVERSION = YES;
				CLANG_WARN_NON_LITERAL_NULL_CONVERSION = YES;
				CLANG_WARN_OBJC_IMPLICIT_RETAIN_SELF = YES;
				CLANG_WARN_OBJC_LITERAL_CONVERSION = YES;
				CLANG_WARN_OBJC_ROOT_CLASS = YES_ERROR;
				CLANG_WARN_RANGE_LOOP_ANALYSIS = YES;
				CLANG_WARN_STRICT_PROTOTYPES = YES;
				CLANG_WARN_SUSPICIOUS_MOVE = YES;
				CLANG_WARN_UNGUARDED_AVAILABILITY = YES_AGGRESSIVE;
				CLANG_WARN_UNREACHABLE_CODE = YES;
				CLANG_WARN__DUPLICATE_METHOD_MATCH = YES;
				CODE_SIGN_IDENTITY = "iPhone Developer";
				COPY_PHASE_STRIP = NO;
				DEBUG_INFORMATION_FORMAT = dwarf;
				ENABLE_STRICT_OBJC_MSGSEND = YES;
				ENABLE_TESTABILITY = YES;
				GCC_C_LANGUAGE_STANDARD = gnu11;
				GCC_DYNAMIC_NO_PIC = NO;
				GCC_NO_COMMON_BLOCKS = YES;
				GCC_OPTIMIZATION_LEVEL = 0;
				GCC_PREPROCESSOR_DEFINITIONS = (
					"DEBUG=1",
					"$(inherited)",
				);
				GCC_WARN_64_TO_32_BIT_CONVERSION = YES;
				GCC_WARN_ABOUT_RETURN_TYPE = YES_ERROR;
				GCC_WARN_UNDECLARED_SELECTOR = YES;
				GCC_WARN_UNINITIALIZED_AUTOS = YES_AGGRESSIVE;
				GCC_WARN_UNUSED_FUNCTION = YES;
				GCC_WARN_UNUSED_VARIABLE = YES;
				IPHONEOS_DEPLOYMENT_TARGET = 12.1;
				MTL_ENABLE_DEBUG_INFO = INCLUDE_SOURCE;
				MTL_FAST_MATH = YES;
				ONLY_ACTIVE_ARCH = YES;
				SDKROOT = iphoneos;
				SWIFT_ACTIVE_COMPILATION_CONDITIONS = DEBUG;
				SWIFT_OPTIMIZATION_LEVEL = "-Onone";
			};
			name = Debug;
		};
		28E50EF0222EC9D800312A78 /* Release */ = {
			isa = XCBuildConfiguration;
			buildSettings = {
				ALWAYS_SEARCH_USER_PATHS = NO;
				CLANG_ANALYZER_NONNULL = YES;
				CLANG_ANALYZER_NUMBER_OBJECT_CONVERSION = YES_AGGRESSIVE;
				CLANG_CXX_LANGUAGE_STANDARD = "gnu++14";
				CLANG_CXX_LIBRARY = "libc++";
				CLANG_ENABLE_MODULES = YES;
				CLANG_ENABLE_OBJC_ARC = YES;
				CLANG_ENABLE_OBJC_WEAK = YES;
				CLANG_WARN_BLOCK_CAPTURE_AUTORELEASING = YES;
				CLANG_WARN_BOOL_CONVERSION = YES;
				CLANG_WARN_COMMA = YES;
				CLANG_WARN_CONSTANT_CONVERSION = YES;
				CLANG_WARN_DEPRECATED_OBJC_IMPLEMENTATIONS = YES;
				CLANG_WARN_DIRECT_OBJC_ISA_USAGE = YES_ERROR;
				CLANG_WARN_DOCUMENTATION_COMMENTS = YES;
				CLANG_WARN_EMPTY_BODY = YES;
				CLANG_WARN_ENUM_CONVERSION = YES;
				CLANG_WARN_INFINITE_RECURSION = YES;
				CLANG_WARN_INT_CONVERSION = YES;
				CLANG_WARN_NON_LITERAL_NULL_CONVERSION = YES;
				CLANG_WARN_OBJC_IMPLICIT_RETAIN_SELF = YES;
				CLANG_WARN_OBJC_LITERAL_CONVERSION = YES;
				CLANG_WARN_OBJC_ROOT_CLASS = YES_ERROR;
				CLANG_WARN_RANGE_LOOP_ANALYSIS = YES;
				CLANG_WARN_STRICT_PROTOTYPES = YES;
				CLANG_WARN_SUSPICIOUS_MOVE = YES;
				CLANG_WARN_UNGUARDED_AVAILABILITY = YES_AGGRESSIVE;
				CLANG_WARN_UNREACHABLE_CODE = YES;
				CLANG_WARN__DUPLICATE_METHOD_MATCH = YES;
				CODE_SIGN_IDENTITY = "iPhone Developer";
				COPY_PHASE_STRIP = NO;
				DEBUG_INFORMATION_FORMAT = "dwarf-with-dsym";
				ENABLE_NS_ASSERTIONS = NO;
				ENABLE_STRICT_OBJC_MSGSEND = YES;
				GCC_C_LANGUAGE_STANDARD = gnu11;
				GCC_NO_COMMON_BLOCKS = YES;
				GCC_WARN_64_TO_32_BIT_CONVERSION = YES;
				GCC_WARN_ABOUT_RETURN_TYPE = YES_ERROR;
				GCC_WARN_UNDECLARED_SELECTOR = YES;
				GCC_WARN_UNINITIALIZED_AUTOS = YES_AGGRESSIVE;
				GCC_WARN_UNUSED_FUNCTION = YES;
				GCC_WARN_UNUSED_VARIABLE = YES;
				IPHONEOS_DEPLOYMENT_TARGET = 12.1;
				MTL_ENABLE_DEBUG_INFO = NO;
				MTL_FAST_MATH = YES;
				SDKROOT = iphoneos;
				SWIFT_COMPILATION_MODE = wholemodule;
				SWIFT_OPTIMIZATION_LEVEL = "-O";
				VALIDATE_PRODUCT = YES;
			};
			name = Release;
		};
		28E50EF2222EC9D800312A78 /* Debug */ = {
			isa = XCBuildConfiguration;
			baseConfigurationReference = D67A281D8E596716CEC3AC72 /* Pods-plan-it.debug.xcconfig */;
			buildSettings = {
				ASSETCATALOG_COMPILER_APPICON_NAME = AppIcon;
				CODE_SIGN_STYLE = Automatic;
				DEVELOPMENT_TEAM = CZ57LB9RGT;
				INFOPLIST_FILE = "plan-it/Info.plist";
				LD_RUNPATH_SEARCH_PATHS = (
					"$(inherited)",
					"@executable_path/Frameworks",
				);
				PRODUCT_BUNDLE_IDENTIFIER = "com.kiriff.plan-it";
				PRODUCT_NAME = "$(TARGET_NAME)";
				SWIFT_VERSION = 4.2;
				TARGETED_DEVICE_FAMILY = 1;
			};
			name = Debug;
		};
		28E50EF3222EC9D800312A78 /* Release */ = {
			isa = XCBuildConfiguration;
			baseConfigurationReference = 30CE0A67EE42FE6788A43E8D /* Pods-plan-it.release.xcconfig */;
			buildSettings = {
				ASSETCATALOG_COMPILER_APPICON_NAME = AppIcon;
				CODE_SIGN_STYLE = Automatic;
				DEVELOPMENT_TEAM = CZ57LB9RGT;
				INFOPLIST_FILE = "plan-it/Info.plist";
				LD_RUNPATH_SEARCH_PATHS = (
					"$(inherited)",
					"@executable_path/Frameworks",
				);
				PRODUCT_BUNDLE_IDENTIFIER = "com.kiriff.plan-it";
				PRODUCT_NAME = "$(TARGET_NAME)";
				SWIFT_VERSION = 4.2;
				TARGETED_DEVICE_FAMILY = 1;
			};
			name = Release;
		};
/* End XCBuildConfiguration section */

/* Begin XCConfigurationList section */
		28E50ED7222EC9D700312A78 /* Build configuration list for PBXProject "plan-it" */ = {
			isa = XCConfigurationList;
			buildConfigurations = (
				28E50EEF222EC9D800312A78 /* Debug */,
				28E50EF0222EC9D800312A78 /* Release */,
			);
			defaultConfigurationIsVisible = 0;
			defaultConfigurationName = Release;
		};
		28E50EF1222EC9D800312A78 /* Build configuration list for PBXNativeTarget "plan-it" */ = {
			isa = XCConfigurationList;
			buildConfigurations = (
				28E50EF2222EC9D800312A78 /* Debug */,
				28E50EF3222EC9D800312A78 /* Release */,
			);
			defaultConfigurationIsVisible = 0;
			defaultConfigurationName = Release;
		};
/* End XCConfigurationList section */

/* Begin XCVersionGroup section */
		28E50EE6222EC9D700312A78 /* plan_it.xcdatamodeld */ = {
			isa = XCVersionGroup;
			children = (
				28E50EE7222EC9D700312A78 /* plan_it.xcdatamodel */,
			);
			currentVersion = 28E50EE7222EC9D700312A78 /* plan_it.xcdatamodel */;
			path = plan_it.xcdatamodeld;
			sourceTree = "<group>";
			versionGroupType = wrapper.xcdatamodel;
		};
/* End XCVersionGroup section */
	};
	rootObject = 28E50ED4222EC9D700312A78 /* Project object */;
}
